
Microsoft Visual Studio Solution File, Format Version 12.00
# Visual Studio Version 17
VisualStudioVersion = 17.8.34330.188
MinimumVisualStudioVersion = 10.0.40219.1
Project("{FAE04EC0-301F-11D3-BF4B-00C04F79EFBC}") = "baitapNet102", "baitapNet102\baitapNet102.csproj", "{A8F61588-E04E-4932-9E5B-FBACAD0D0FE6}"
EndProject
Global
	GlobalSection(SolutionConfigurationPlatforms) = preSolution
		Debug|Any CPU = Debug|Any CPU
		Release|Any CPU = Release|Any CPU
	EndGlobalSection
	GlobalSection(ProjectConfigurationPlatforms) = postSolution
		{A8F61588-E04E-4932-9E5B-FBACAD0D0FE6}.Debug|Any CPU.ActiveCfg = Debug|Any CPU
		{A8F61588-E04E-4932-9E5B-FBACAD0D0FE6}.Debug|Any CPU.Build.0 = Debug|Any CPU
		{A8F61588-E04E-4932-9E5B-FBACAD0D0FE6}.Release|Any CPU.ActiveCfg = Release|Any CPU
		{A8F61588-E04E-4932-9E5B-FBACAD0D0FE6}.Release|Any CPU.Build.0 = Release|Any CPU
	EndGlobalSection
	GlobalSection(SolutionProperties) = preSolution
		HideSolutionNode = FALSE
	EndGlobalSection
	GlobalSection(ExtensibilityGlobals) = postSolution
		SolutionGuid = {8DE68C0F-6F5F-464A-BBE8-0B4063D63BA9}
	EndGlobalSection
EndGlobal
